
Microsoft Visual Studio Solution File, Format Version 12.00
# Visual Studio 15
VisualStudioVersion = 15.0.27428.2015
MinimumVisualStudioVersion = 10.0.40219.1
Project("{FAE04EC0-301F-11D3-BF4B-00C04F79EFBC}") = "WpfEvent", "WpfEvent\WpfEvent.csproj", "{4609544C-6D82-4EE6-9EFC-2ADF8CAC8514}"
EndProject
Global
	GlobalSection(SolutionConfigurationPlatforms) = preSolution
		Debug|Any CPU = Debug|Any CPU
		Release|Any CPU = Release|Any CPU
	EndGlobalSection
	GlobalSection(ProjectConfigurationPlatforms) = postSolution
		{4609544C-6D82-4EE6-9EFC-2ADF8CAC8514}.Debug|Any CPU.ActiveCfg = Debug|Any CPU
		{4609544C-6D82-4EE6-9EFC-2ADF8CAC8514}.Debug|Any CPU.Build.0 = Debug|Any CPU
		{4609544C-6D82-4EE6-9EFC-2ADF8CAC8514}.Release|Any CPU.ActiveCfg = Release|Any CPU
		{4609544C-6D82-4EE6-9EFC-2ADF8CAC8514}.Release|Any CPU.Build.0 = Release|Any CPU
	EndGlobalSection
	GlobalSection(SolutionProperties) = preSolution
		HideSolutionNode = FALSE
	EndGlobalSection
	GlobalSection(ExtensibilityGlobals) = postSolution
		SolutionGuid = {3DE786DA-B3E0-40D0-800F-E9FDBC74C29A}
	EndGlobalSection
EndGlobal
